{
  "lockfile_version": "1",
  "packages": {
    "git@latest": {
      "last_modified": "2024-12-23T21:10:33Z",
      "resolved": "github:NixOS/nixpkgs/de1864217bfa9b5845f465e771e0ecb48b30e02d#git",
      "source": "devbox-search",
      "version": "2.47.0",
      "systems": {
        "aarch64-darwin": {
          "outputs": [
            {
              "name": "out",
              "path": "/nix/store/bi58hj6aqbswrwngsdzszzdf35vzsl36-git-2.47.0",
              "default": true
            },
            {
              "name": "doc",
              "path": "/nix/store/ilmzpslj8yvf5krdyz7bj08wjf03pxvj-git-2.47.0-doc"
            }
          ],
          "store_path": "/nix/store/bi58hj6aqbswrwngsdzszzdf35vzsl36-git-2.47.0"
        },
        "aarch64-linux": {
          "outputs": [
            {
              "name": "out",
              "path": "/nix/store/861v7354sw64ydk43jwdswwkqkf0dhq2-git-2.47.0",
              "default": true
            },
            {
              "name": "debug",
              "path": "/nix/store/cyfh5sk108g0yhif2ppxw3xyrbz9cc5k-git-2.47.0-debug"
            },
            {
              "name": "doc",
              "path": "/nix/store/4rj9xhq42v2b7nxf77xlkqbd20jzby0i-git-2.47.0-doc"
            }
          ],
          "store_path": "/nix/store/861v7354sw64ydk43jwdswwkqkf0dhq2-git-2.47.0"
        },
        "x86_64-darwin": {
          "outputs": [
            {
              "name": "out",
              "path": "/nix/store/v283088hdcppiswvqslgfspxwnq4ldz3-git-2.47.0",
              "default": true
            },
            {
              "name": "doc",
              "path": "/nix/store/i5rw1f8xv1sp13lcsxq0bkswn600lcmx-git-2.47.0-doc"
            }
          ],
          "store_path": "/nix/store/v283088hdcppiswvqslgfspxwnq4ldz3-git-2.47.0"
        },
        "x86_64-linux": {
          "outputs": [
            {
              "name": "out",
              "path": "/nix/store/iwq58rpn6idjnxbnyjh351776qzvsd0r-git-2.47.0",
              "default": true
            },
            {
              "name": "debug",
              "path": "/nix/store/1s38v03xh8d88b1wm8iwpkrpy6cf3ydq-git-2.47.0-debug"
            },
            {
              "name": "doc",
              "path": "/nix/store/kn855hkv6yda9wi7g48lxwgplijqijb9-git-2.47.0-doc"
            }
          ],
          "store_path": "/nix/store/iwq58rpn6idjnxbnyjh351776qzvsd0r-git-2.47.0"
        }
      }
    },
    "github:NixOS/nixpkgs/nixpkgs-unstable": {
      "last_modified": "2025-11-05T16:44:39Z",
      "resolved": "github:NixOS/nixpkgs/ffcdcf99d65c61956d882df249a9be53e5902ea5?lastModified=1762361079&narHash=sha256-lz718rr1BDpZBYk7%2BG8cE6wee3PiBUpn8aomG%2FvLLiY%3D"
    },
    "hugo@latest": {
      "last_modified": "2024-12-26T01:25:00Z",
      "resolved": "github:NixOS/nixpkgs/16e046229f3b4f53257973a5532bcbb72457d2f2#hugo",
      "source": "devbox-search",
      "version": "0.140.1",
      "systems": {
        "aarch64-darwin": {
          "outputs": [
            {
              "name": "out",
              "path": "/nix/store/y4c90mmwbaia1rdzpbcz56kmmaa68fpc-hugo-0.140.1",
              "default": true
            }
          ],
          "store_path": "/nix/store/y4c90mmwbaia1rdzpbcz56kmmaa68fpc-hugo-0.140.1"
        },
        "aarch64-linux": {
          "outputs": [
            {
              "name": "out",
              "path": "/nix/store/3zvzcirakj85i9q97k3ibqqmhgzxssdi-hugo-0.140.1",
              "default": true
            }
          ],
          "store_path": "/nix/store/3zvzcirakj85i9q97k3ibqqmhgzxssdi-hugo-0.140.1"
        },
        "x86_64-darwin": {
          "outputs": [
            {
              "name": "out",
              "path": "/nix/store/klsmszglf4wxa79frq5dmrx2rca8n1gq-hugo-0.140.1",
              "default": true
            }
          ],
          "store_path": "/nix/store/klsmszglf4wxa79frq5dmrx2rca8n1gq-hugo-0.140.1"
        },
        "x86_64-linux": {
          "outputs": [
            {
              "name": "out",
              "path": "/nix/store/1vg2jmr4z9467q1cb8zzck7l1jwi1hq1-hugo-0.140.1",
              "default": true
            }
          ],
          "store_path": "/nix/store/1vg2jmr4z9467q1cb8zzck7l1jwi1hq1-hugo-0.140.1"
        }
      }
    },
    "less@latest": {
      "last_modified": "2024-12-23T21:10:33Z",
      "resolved": "github:NixOS/nixpkgs/de1864217bfa9b5845f465e771e0ecb48b30e02d#less",
      "source": "devbox-search",
      "version": "668",
      "systems": {
        "aarch64-darwin": {
          "outputs": [
            {
              "name": "out",
              "path": "/nix/store/zb0xjzsvjvpl5jx4p2xpxkhjwcb6mss8-less-668",
              "default": true
            },
            {
              "name": "man",
              "path": "/nix/store/9nf7w6hkh0nk3av6lknb6g6x2kp5sc3m-less-668-man",
              "default": true
            }
          ],
          "store_path": "/nix/store/zb0xjzsvjvpl5jx4p2xpxkhjwcb6mss8-less-668"
        },
        "aarch64-linux": {
          "outputs": [
            {
              "name": "out",
              "path": "/nix/store/bms15npcyp26hbyjy5rkbgaqb4lrhvpg-less-668",
              "default": true
            },
            {
              "name": "man",
              "path": "/nix/store/01by80yx7m023gj758hgbdskb7r7435n-less-668-man",
              "default": true
            }
          ],
          "store_path": "/nix/store/bms15npcyp26hbyjy5rkbgaqb4lrhvpg-less-668"
        },
        "x86_64-darwin": {
          "outputs": [
            {
              "name": "out",
              "path": "/nix/store/vj5k7krfm34sh9bxkjm3h7idl3a7v4k0-less-668",
              "default": true
            },
            {
              "name": "man",
              "path": "/nix/store/0p50a871k026h7cz4mp5h7vilmqv4jvw-less-668-man",
              "default": true
            }
          ],
          "store_path": "/nix/store/vj5k7krfm34sh9bxkjm3h7idl3a7v4k0-less-668"
        },
        "x86_64-linux": {
          "outputs": [
            {
              "name": "out",
              "path": "/nix/store/3cp5gn414sb3v9nzznpi0jq33pj1nr3k-less-668",
              "default": true
            },
            {
              "name": "man",
              "path": "/nix/store/9sc8m1dr0vmpnk39v0hbi89n34lniqav-less-668-man",
              "default": true
            }
          ],
          "store_path": "/nix/store/3cp5gn414sb3v9nzznpi0jq33pj1nr3k-less-668"
        }
      }
    },
    "nodejs@20": {
      "last_modified": "2024-12-23T21:10:33Z",
      "plugin_version": "0.0.2",
      "resolved": "github:NixOS/nixpkgs/de1864217bfa9b5845f465e771e0ecb48b30e02d#nodejs_20",
      "source": "devbox-search",
      "version": "20.18.1",
      "systems": {
        "aarch64-darwin": {
          "outputs": [
            {
              "name": "out",
              "path": "/nix/store/q49zbi0pzjhg4zn085h9hyz9m1k3hvpb-nodejs-20.18.1",
              "default": true
            },
            {
              "name": "libv8",
              "path": "/nix/store/l08rljd2yr7i1q4x778qazcys2l4ja23-nodejs-20.18.1-libv8"
            }
          ],
          "store_path": "/nix/store/q49zbi0pzjhg4zn085h9hyz9m1k3hvpb-nodejs-20.18.1"
        },
        "aarch64-linux": {
          "outputs": [
            {
              "name": "out",
              "path": "/nix/store/4m1ql1hsd6kqmzr8a657qhipjgssrr0c-nodejs-20.18.1",
              "default": true
            },
            {
              "name": "libv8",
              "path": "/nix/store/r8s1xalb4rpy1r44i413j84i4ny6mnsc-nodejs-20.18.1-libv8"
            }
          ],
          "store_path": "/nix/store/4m1ql1hsd6kqmzr8a657qhipjgssrr0c-nodejs-20.18.1"
        },
        "x86_64-darwin": {
          "outputs": [
            {
              "name": "out",
              "path": "/nix/store/7ky0mn6k33731jwzhsxq6a6dsbjqamqs-nodejs-20.18.1",
              "default": true
            },
            {
              "name": "libv8",
              "path": "/nix/store/jw62k3wxl38r8fcbvxaxrm696ivv3imr-nodejs-20.18.1-libv8"
            }
          ],
          "store_path": "/nix/store/7ky0mn6k33731jwzhsxq6a6dsbjqamqs-nodejs-20.18.1"
        },
        "x86_64-linux": {
          "outputs": [
            {
              "name": "out",
              "path": "/nix/store/j7dx1n6m5axf9r2bvly580x2ixx546wq-nodejs-20.18.1",
              "default": true
            },
            {
              "name": "libv8",
              "path": "/nix/store/qljmc2skrldj0g94rib6nl4jq84193fa-nodejs-20.18.1-libv8"
            }
          ],
          "store_path": "/nix/store/j7dx1n6m5axf9r2bvly580x2ixx546wq-nodejs-20.18.1"
        }
      }
    },
    "openssh@latest": {
      "last_modified": "2024-12-23T21:10:33Z",
      "resolved": "github:NixOS/nixpkgs/de1864217bfa9b5845f465e771e0ecb48b30e02d#openssh",
      "source": "devbox-search",
      "version": "9.9p1",
      "systems": {
        "aarch64-darwin": {
          "outputs": [
            {
              "name": "out",
              "path": "/nix/store/rznnkc88bs2m4ir55x0c5big26lakgq5-openssh-9.9p1",
              "default": true
            }
          ],
          "store_path": "/nix/store/rznnkc88bs2m4ir55x0c5big26lakgq5-openssh-9.9p1"
        },
        "aarch64-linux": {
          "outputs": [
            {
              "name": "out",
              "path": "/nix/store/hjkm1a89kn5grywdsdbj54kmfahywcag-openssh-9.9p1",
              "default": true
            }
          ],
          "store_path": "/nix/store/hjkm1a89kn5grywdsdbj54kmfahywcag-openssh-9.9p1"
        },
        "x86_64-darwin": {
          "outputs": [
            {
              "name": "out",
              "path": "/nix/store/vs2gfj3jmqcj9gwfqsm7hpz7n6lgn4ra-openssh-9.9p1",
              "default": true
            }
          ],
          "store_path": "/nix/store/vs2gfj3jmqcj9gwfqsm7hpz7n6lgn4ra-openssh-9.9p1"
        },
        "x86_64-linux": {
          "outputs": [
            {
              "name": "out",
              "path": "/nix/store/c1zb4lfggv7gn3rcjyqzf6ivgr5gwxyl-openssh-9.9p1",
              "default": true
            }
          ],
          "store_path": "/nix/store/c1zb4lfggv7gn3rcjyqzf6ivgr5gwxyl-openssh-9.9p1"
        }
      }
    }
  }
}
